
Microsoft Visual Studio Solution File, Format Version 12.00
# Visual Studio 15
VisualStudioVersion = 15.0.28010.2046
MinimumVisualStudioVersion = 10.0.40219.1
Project("{888888A0-9F3D-457C-B088-3A5042F75D52}") = "CrapsSim", "CrapsSim\CrapsSim.pyproj", "{0A377D85-41A6-457E-B3DA-DA95BC5D3AD7}"
EndProject
Global
	GlobalSection(SolutionConfigurationPlatforms) = preSolution
		Debug|Any CPU = Debug|Any CPU
		Release|Any CPU = Release|Any CPU
	EndGlobalSection
	GlobalSection(ProjectConfigurationPlatforms) = postSolution
		{0A377D85-41A6-457E-B3DA-DA95BC5D3AD7}.Debug|Any CPU.ActiveCfg = Debug|Any CPU
		{0A377D85-41A6-457E-B3DA-DA95BC5D3AD7}.Release|Any CPU.ActiveCfg = Release|Any CPU
	EndGlobalSection
	GlobalSection(SolutionProperties) = preSolution
		HideSolutionNode = FALSE
	EndGlobalSection
	GlobalSection(ExtensibilityGlobals) = postSolution
		SolutionGuid = {C9955EF4-1563-45A8-BDCB-B376AEFBF1F4}
	EndGlobalSection
EndGlobal
